
Microsoft Visual Studio Solution File, Format Version 12.00
# Visual Studio Version 17
VisualStudioVersion = 17.4.33110.190
MinimumVisualStudioVersion = 10.0.40219.1
Project("{FAE04EC0-301F-11D3-BF4B-00C04F79EFBC}") = "Instrument", "Instrument\Instrument.csproj", "{1C0685F4-DFCB-47A1-9E6A-5B91362076BB}"
EndProject
Global
	GlobalSection(SolutionConfigurationPlatforms) = preSolution
		Debug|Any CPU = Debug|Any CPU
		Release|Any CPU = Release|Any CPU
	EndGlobalSection
	GlobalSection(ProjectConfigurationPlatforms) = postSolution
		{1C0685F4-DFCB-47A1-9E6A-5B91362076BB}.Debug|Any CPU.ActiveCfg = Debug|Any CPU
		{1C0685F4-DFCB-47A1-9E6A-5B91362076BB}.Debug|Any CPU.Build.0 = Debug|Any CPU
		{1C0685F4-DFCB-47A1-9E6A-5B91362076BB}.Release|Any CPU.ActiveCfg = Release|Any CPU
		{1C0685F4-DFCB-47A1-9E6A-5B91362076BB}.Release|Any CPU.Build.0 = Release|Any CPU
	EndGlobalSection
	GlobalSection(SolutionProperties) = preSolution
		HideSolutionNode = FALSE
	EndGlobalSection
	GlobalSection(ExtensibilityGlobals) = postSolution
		SolutionGuid = {C1998648-60A5-442D-B9E1-BC24FAA04107}
	EndGlobalSection
EndGlobal
